# This file is automatically @generated by Cargo.
# It is not intended for manual editing.
version = 3

[[package]]
name = "cc"
version = "1.0.73"
source = "registry+https://github.com/rust-lang/crates.io-index"
checksum = "2fff2a6927b3bb87f9595d67196a70493f627687a71d87a0d692242c33f58c11"

[[package]]
name = "cmake"
version = "0.1.48"
source = "registry+https://github.com/rust-lang/crates.io-index"
checksum = "e8ad8cef104ac57b68b89df3208164d228503abbdce70f6880ffa3d970e7443a"
dependencies = [
 "cc",
]

[[package]]
name = "eyre"
version = "0.6.8"
source = "registry+https://github.com/rust-lang/crates.io-index"
checksum = "4c2b6b5a29c02cdc822728b7d7b8ae1bab3e3b05d44522770ddd49722eeac7eb"
dependencies = [
 "indenter",
 "once_cell",
]

[[package]]
name = "ffi-opaque"
version = "2.0.1"
source = "registry+https://github.com/rust-lang/crates.io-index"
checksum = "ec54ac60a7f2ee9a97cad9946f9bf629a3bc6a7ae59e68983dc9318f5a54b81a"

[[package]]
name = "hermit-abi"
version = "0.1.19"
source = "registry+https://github.com/rust-lang/crates.io-index"
checksum = "62b467343b94ba476dcb2500d242dadbb39557df889310ac77c5d99100aaac33"
dependencies = [
 "libc",
]

[[package]]
name = "indenter"
version = "0.3.3"
source = "registry+https://github.com/rust-lang/crates.io-index"
checksum = "ce23b50ad8242c51a442f3ff322d56b02f08852c77e4c0b4d3fd684abc89c683"

[[package]]
name = "leveldb"
version = "0.8.6"
dependencies = [
 "leveldb-sys",
 "libc",
]

[[package]]
name = "leveldb-sys"
version = "2.0.9"
source = "registry+https://github.com/rust-lang/crates.io-index"
checksum = "9dd94a4d0242a437e5e41a27c782b69a624469ca1c4d1e5cb3c337f74a8031d4"
dependencies = [
 "cmake",
 "ffi-opaque",
 "libc",
 "num_cpus",
]

[[package]]
name = "libc"
version = "0.2.124"
source = "registry+https://github.com/rust-lang/crates.io-index"
checksum = "21a41fed9d98f27ab1c6d161da622a4fa35e8a54a8adc24bbf3ddd0ef70b0e50"

[[package]]
name = "num_cpus"
version = "1.13.1"
source = "registry+https://github.com/rust-lang/crates.io-index"
checksum = "19e64526ebdee182341572e50e9ad03965aa510cd94427a4549448f285e957a1"
dependencies = [
 "hermit-abi",
 "libc",
]

[[package]]
name = "once_cell"
version = "1.10.0"
source = "registry+https://github.com/rust-lang/crates.io-index"
checksum = "87f3e037eac156d1775da914196f0f37741a274155e34a0b7e427c35d2a2ecb9"

[[package]]
name = "play-leveldb"
version = "0.1.0"
dependencies = [
 "eyre",
 "leveldb",
]
